
Microsoft Visual Studio Solution File, Format Version 12.00
# Visual Studio Version 17
VisualStudioVersion = 17.0.32014.148
MinimumVisualStudioVersion = 10.0.40219.1
Project("{FAE04EC0-301F-11D3-BF4B-00C04F79EFBC}") = "11 yrok", "11 yrok.csproj", "{607CD6F4-A396-4255-B27D-40E9BEE7125E}"
EndProject
Global
	GlobalSection(SolutionConfigurationPlatforms) = preSolution
		Debug|Any CPU = Debug|Any CPU
		Release|Any CPU = Release|Any CPU
	EndGlobalSection
	GlobalSection(ProjectConfigurationPlatforms) = postSolution
		{607CD6F4-A396-4255-B27D-40E9BEE7125E}.Debug|Any CPU.ActiveCfg = Debug|Any CPU
		{607CD6F4-A396-4255-B27D-40E9BEE7125E}.Debug|Any CPU.Build.0 = Debug|Any CPU
		{607CD6F4-A396-4255-B27D-40E9BEE7125E}.Release|Any CPU.ActiveCfg = Release|Any CPU
		{607CD6F4-A396-4255-B27D-40E9BEE7125E}.Release|Any CPU.Build.0 = Release|Any CPU
	EndGlobalSection
	GlobalSection(SolutionProperties) = preSolution
		HideSolutionNode = FALSE
	EndGlobalSection
	GlobalSection(ExtensibilityGlobals) = postSolution
		SolutionGuid = {8FF6F2DE-E553-47C3-AFFE-46A21950113E}
	EndGlobalSection
EndGlobal
