
Microsoft Visual Studio Solution File, Format Version 12.00
# Visual Studio Version 17
VisualStudioVersion = 17.0.32014.148
MinimumVisualStudioVersion = 10.0.40219.1
Project("{FAE04EC0-301F-11D3-BF4B-00C04F79EFBC}") = "13 yrok", "13 yrok.csproj", "{733AB57F-690E-49E8-B388-7F711E45DF91}"
EndProject
Global
	GlobalSection(SolutionConfigurationPlatforms) = preSolution
		Debug|Any CPU = Debug|Any CPU
		Release|Any CPU = Release|Any CPU
	EndGlobalSection
	GlobalSection(ProjectConfigurationPlatforms) = postSolution
		{733AB57F-690E-49E8-B388-7F711E45DF91}.Debug|Any CPU.ActiveCfg = Debug|Any CPU
		{733AB57F-690E-49E8-B388-7F711E45DF91}.Debug|Any CPU.Build.0 = Debug|Any CPU
		{733AB57F-690E-49E8-B388-7F711E45DF91}.Release|Any CPU.ActiveCfg = Release|Any CPU
		{733AB57F-690E-49E8-B388-7F711E45DF91}.Release|Any CPU.Build.0 = Release|Any CPU
	EndGlobalSection
	GlobalSection(SolutionProperties) = preSolution
		HideSolutionNode = FALSE
	EndGlobalSection
	GlobalSection(ExtensibilityGlobals) = postSolution
		SolutionGuid = {432354AE-BA52-4050-82E5-D4CF783BF696}
	EndGlobalSection
EndGlobal
