
Microsoft Visual Studio Solution File, Format Version 12.00
# Visual Studio Version 17
VisualStudioVersion = 17.0.32014.148
MinimumVisualStudioVersion = 10.0.40219.1
Project("{FAE04EC0-301F-11D3-BF4B-00C04F79EFBC}") = "20 yrok", "20 yrok.csproj", "{D8A4837D-F10F-4BB3-B81C-6ADEAA769C0D}"
EndProject
Global
	GlobalSection(SolutionConfigurationPlatforms) = preSolution
		Debug|Any CPU = Debug|Any CPU
		Release|Any CPU = Release|Any CPU
	EndGlobalSection
	GlobalSection(ProjectConfigurationPlatforms) = postSolution
		{D8A4837D-F10F-4BB3-B81C-6ADEAA769C0D}.Debug|Any CPU.ActiveCfg = Debug|Any CPU
		{D8A4837D-F10F-4BB3-B81C-6ADEAA769C0D}.Debug|Any CPU.Build.0 = Debug|Any CPU
		{D8A4837D-F10F-4BB3-B81C-6ADEAA769C0D}.Release|Any CPU.ActiveCfg = Release|Any CPU
		{D8A4837D-F10F-4BB3-B81C-6ADEAA769C0D}.Release|Any CPU.Build.0 = Release|Any CPU
	EndGlobalSection
	GlobalSection(SolutionProperties) = preSolution
		HideSolutionNode = FALSE
	EndGlobalSection
	GlobalSection(ExtensibilityGlobals) = postSolution
		SolutionGuid = {86A7826C-66CD-4510-862D-9D5D932B838B}
	EndGlobalSection
EndGlobal
