
Microsoft Visual Studio Solution File, Format Version 12.00
# Visual Studio Version 17
VisualStudioVersion = 17.0.32014.148
MinimumVisualStudioVersion = 10.0.40219.1
Project("{FAE04EC0-301F-11D3-BF4B-00C04F79EFBC}") = "25 yrok", "25 yrok.csproj", "{C789FA63-271C-4822-B694-92175BB05E17}"
EndProject
Global
	GlobalSection(SolutionConfigurationPlatforms) = preSolution
		Debug|Any CPU = Debug|Any CPU
		Release|Any CPU = Release|Any CPU
	EndGlobalSection
	GlobalSection(ProjectConfigurationPlatforms) = postSolution
		{C789FA63-271C-4822-B694-92175BB05E17}.Debug|Any CPU.ActiveCfg = Debug|Any CPU
		{C789FA63-271C-4822-B694-92175BB05E17}.Debug|Any CPU.Build.0 = Debug|Any CPU
		{C789FA63-271C-4822-B694-92175BB05E17}.Release|Any CPU.ActiveCfg = Release|Any CPU
		{C789FA63-271C-4822-B694-92175BB05E17}.Release|Any CPU.Build.0 = Release|Any CPU
	EndGlobalSection
	GlobalSection(SolutionProperties) = preSolution
		HideSolutionNode = FALSE
	EndGlobalSection
	GlobalSection(ExtensibilityGlobals) = postSolution
		SolutionGuid = {CF050626-5F82-4818-B0C3-164244122C2C}
	EndGlobalSection
EndGlobal
