
Microsoft Visual Studio Solution File, Format Version 12.00
# Visual Studio Version 17
VisualStudioVersion = 17.0.32014.148
MinimumVisualStudioVersion = 10.0.40219.1
Project("{FAE04EC0-301F-11D3-BF4B-00C04F79EFBC}") = "1 yrok", "1 yrok.csproj", "{2D9BE6B6-75FB-4DC6-A375-D1C9D96BB6E4}"
EndProject
Global
	GlobalSection(SolutionConfigurationPlatforms) = preSolution
		Debug|Any CPU = Debug|Any CPU
		Release|Any CPU = Release|Any CPU
	EndGlobalSection
	GlobalSection(ProjectConfigurationPlatforms) = postSolution
		{2D9BE6B6-75FB-4DC6-A375-D1C9D96BB6E4}.Debug|Any CPU.ActiveCfg = Debug|Any CPU
		{2D9BE6B6-75FB-4DC6-A375-D1C9D96BB6E4}.Debug|Any CPU.Build.0 = Debug|Any CPU
		{2D9BE6B6-75FB-4DC6-A375-D1C9D96BB6E4}.Release|Any CPU.ActiveCfg = Release|Any CPU
		{2D9BE6B6-75FB-4DC6-A375-D1C9D96BB6E4}.Release|Any CPU.Build.0 = Release|Any CPU
	EndGlobalSection
	GlobalSection(SolutionProperties) = preSolution
		HideSolutionNode = FALSE
	EndGlobalSection
	GlobalSection(ExtensibilityGlobals) = postSolution
		SolutionGuid = {60869418-0660-41A5-A9D8-B09DB47DCE35}
	EndGlobalSection
EndGlobal
