
Microsoft Visual Studio Solution File, Format Version 12.00
# Visual Studio Version 17
VisualStudioVersion = 17.0.32014.148
MinimumVisualStudioVersion = 10.0.40219.1
Project("{FAE04EC0-301F-11D3-BF4B-00C04F79EFBC}") = "5 yrok", "5 yrok.csproj", "{4389822D-0100-47D3-A46D-06920A6E0963}"
EndProject
Project("{FAE04EC0-301F-11D3-BF4B-00C04F79EFBC}") = "proba", "..\proba\proba.csproj", "{8DE3942B-1D71-452A-AF07-0AD21693238E}"
EndProject
Global
	GlobalSection(SolutionConfigurationPlatforms) = preSolution
		Debug|Any CPU = Debug|Any CPU
		Release|Any CPU = Release|Any CPU
	EndGlobalSection
	GlobalSection(ProjectConfigurationPlatforms) = postSolution
		{4389822D-0100-47D3-A46D-06920A6E0963}.Debug|Any CPU.ActiveCfg = Debug|Any CPU
		{4389822D-0100-47D3-A46D-06920A6E0963}.Debug|Any CPU.Build.0 = Debug|Any CPU
		{4389822D-0100-47D3-A46D-06920A6E0963}.Release|Any CPU.ActiveCfg = Release|Any CPU
		{4389822D-0100-47D3-A46D-06920A6E0963}.Release|Any CPU.Build.0 = Release|Any CPU
		{8DE3942B-1D71-452A-AF07-0AD21693238E}.Debug|Any CPU.ActiveCfg = Debug|Any CPU
		{8DE3942B-1D71-452A-AF07-0AD21693238E}.Debug|Any CPU.Build.0 = Debug|Any CPU
		{8DE3942B-1D71-452A-AF07-0AD21693238E}.Release|Any CPU.ActiveCfg = Release|Any CPU
		{8DE3942B-1D71-452A-AF07-0AD21693238E}.Release|Any CPU.Build.0 = Release|Any CPU
	EndGlobalSection
	GlobalSection(SolutionProperties) = preSolution
		HideSolutionNode = FALSE
	EndGlobalSection
	GlobalSection(ExtensibilityGlobals) = postSolution
		SolutionGuid = {ED0212C5-F75E-41B5-822A-B3EAAF199196}
	EndGlobalSection
EndGlobal
