
Microsoft Visual Studio Solution File, Format Version 12.00
# Visual Studio Version 17
VisualStudioVersion = 17.0.32014.148
MinimumVisualStudioVersion = 10.0.40219.1
Project("{FAE04EC0-301F-11D3-BF4B-00C04F79EFBC}") = "14 yrok", "14 yrok.csproj", "{A65EE8FC-AC17-4557-B751-EB717EE34D09}"
EndProject
Global
	GlobalSection(SolutionConfigurationPlatforms) = preSolution
		Debug|Any CPU = Debug|Any CPU
		Release|Any CPU = Release|Any CPU
	EndGlobalSection
	GlobalSection(ProjectConfigurationPlatforms) = postSolution
		{A65EE8FC-AC17-4557-B751-EB717EE34D09}.Debug|Any CPU.ActiveCfg = Debug|Any CPU
		{A65EE8FC-AC17-4557-B751-EB717EE34D09}.Debug|Any CPU.Build.0 = Debug|Any CPU
		{A65EE8FC-AC17-4557-B751-EB717EE34D09}.Release|Any CPU.ActiveCfg = Release|Any CPU
		{A65EE8FC-AC17-4557-B751-EB717EE34D09}.Release|Any CPU.Build.0 = Release|Any CPU
	EndGlobalSection
	GlobalSection(SolutionProperties) = preSolution
		HideSolutionNode = FALSE
	EndGlobalSection
	GlobalSection(ExtensibilityGlobals) = postSolution
		SolutionGuid = {14E0B4E9-00E6-441E-98F0-C1CC170C0F80}
	EndGlobalSection
EndGlobal
